// !$*UTF8*$!
{
	archiveVersion = 1;
	classes = {
	};
	objectVersion = 50;
	objects = {

/* Begin PBXBuildFile section */
		5B161FF921BBFC68008665BA /* Main.storyboard in Resources */ = {isa = PBXBuildFile; fileRef = 5B161FF821BBFC68008665BA /* Main.storyboard */; };
		5B16200021BCBD3A008665BA /* AppStoryboard.swift in Sources */ = {isa = PBXBuildFile; fileRef = 5B161FFF21BCBD3A008665BA /* AppStoryboard.swift */; };
		5B16200221BCC40E008665BA /* Job.swift in Sources */ = {isa = PBXBuildFile; fileRef = 5B16200121BCC40E008665BA /* Job.swift */; };
		5B4AB34421B6D49900EF80D3 /* Jobs.storyboard in Resources */ = {isa = PBXBuildFile; fileRef = 5B4AB34321B6D49900EF80D3 /* Jobs.storyboard */; };
		5BA70CED21BD11E400A5E604 /* JobsViewController.swift in Sources */ = {isa = PBXBuildFile; fileRef = 5BA70CEC21BD11E400A5E604 /* JobsViewController.swift */; };
		5BA70CF021BD2F9A00A5E604 /* JobTableViewCell.swift in Sources */ = {isa = PBXBuildFile; fileRef = 5BA70CEF21BD2F9A00A5E604 /* JobTableViewCell.swift */; };
		5BD17C4921B3B9F800B1AA0E /* AppDelegate.swift in Sources */ = {isa = PBXBuildFile; fileRef = 5BD17C4821B3B9F800B1AA0E /* AppDelegate.swift */; };
		5BD17C4E21B3B9F800B1AA0E /* Login.storyboard in Resources */ = {isa = PBXBuildFile; fileRef = 5BD17C4C21B3B9F800B1AA0E /* Login.storyboard */; };
		5BD17C5021B3B9FA00B1AA0E /* Assets.xcassets in Resources */ = {isa = PBXBuildFile; fileRef = 5BD17C4F21B3B9FA00B1AA0E /* Assets.xcassets */; };
		5BD17C5321B3B9FA00B1AA0E /* LaunchScreen.storyboard in Resources */ = {isa = PBXBuildFile; fileRef = 5BD17C5121B3B9FA00B1AA0E /* LaunchScreen.storyboard */; };
		5BD17C5B21B3E26100B1AA0E /* GoogleService-Info.plist in Resources */ = {isa = PBXBuildFile; fileRef = 5BD17C5A21B3E26100B1AA0E /* GoogleService-Info.plist */; };
		5BD17C5D21B3E60900B1AA0E /* LoginViewController.swift in Sources */ = {isa = PBXBuildFile; fileRef = 5BD17C5C21B3E60800B1AA0E /* LoginViewController.swift */; };
		CFF9E14F0D3D0E3475B9C56E /* Pods_job_m.framework in Frameworks */ = {isa = PBXBuildFile; fileRef = 7402B286F77DFAA49CC0156C /* Pods_job_m.framework */; };
/* End PBXBuildFile section */

/* Begin PBXFileReference section */
		49EA9F029EB595AC6CAF1524 /* Pods-job-m.release.xcconfig */ = {isa = PBXFileReference; includeInIndex = 1; lastKnownFileType = text.xcconfig; name = "Pods-job-m.release.xcconfig"; path = "Pods/Target Support Files/Pods-job-m/Pods-job-m.release.xcconfig"; sourceTree = "<group>"; };
		5B161FF821BBFC68008665BA /* Main.storyboard */ = {isa = PBXFileReference; lastKnownFileType = file.storyboard; path = Main.storyboard; sourceTree = "<group>"; };
		5B161FFF21BCBD3A008665BA /* AppStoryboard.swift */ = {isa = PBXFileReference; lastKnownFileType = sourcecode.swift; path = AppStoryboard.swift; sourceTree = "<group>"; };
		5B16200121BCC40E008665BA /* Job.swift */ = {isa = PBXFileReference; lastKnownFileType = sourcecode.swift; path = Job.swift; sourceTree = "<group>"; };
		5B4AB34321B6D49900EF80D3 /* Jobs.storyboard */ = {isa = PBXFileReference; lastKnownFileType = file.storyboard; path = Jobs.storyboard; sourceTree = "<group>"; };
		5BA70CEC21BD11E400A5E604 /* JobsViewController.swift */ = {isa = PBXFileReference; lastKnownFileType = sourcecode.swift; name = JobsViewController.swift; path = ../Jobs/JobsViewController.swift; sourceTree = "<group>"; };
		5BA70CEF21BD2F9A00A5E604 /* JobTableViewCell.swift */ = {isa = PBXFileReference; lastKnownFileType = sourcecode.swift; name = JobTableViewCell.swift; path = ../Jobs/JobTableViewCell.swift; sourceTree = "<group>"; };
		5BD17C4521B3B9F800B1AA0E /* job-m.app */ = {isa = PBXFileReference; explicitFileType = wrapper.application; includeInIndex = 0; path = "job-m.app"; sourceTree = BUILT_PRODUCTS_DIR; };
		5BD17C4821B3B9F800B1AA0E /* AppDelegate.swift */ = {isa = PBXFileReference; lastKnownFileType = sourcecode.swift; path = AppDelegate.swift; sourceTree = "<group>"; };
		5BD17C4D21B3B9F800B1AA0E /* Base */ = {isa = PBXFileReference; lastKnownFileType = file.storyboard; name = Base; path = Base.lproj/Login.storyboard; sourceTree = "<group>"; };
		5BD17C4F21B3B9FA00B1AA0E /* Assets.xcassets */ = {isa = PBXFileReference; lastKnownFileType = folder.assetcatalog; path = Assets.xcassets; sourceTree = "<group>"; };
		5BD17C5221B3B9FA00B1AA0E /* Base */ = {isa = PBXFileReference; lastKnownFileType = file.storyboard; name = Base; path = Base.lproj/LaunchScreen.storyboard; sourceTree = "<group>"; };
		5BD17C5421B3B9FA00B1AA0E /* Info.plist */ = {isa = PBXFileReference; lastKnownFileType = text.plist.xml; path = Info.plist; sourceTree = "<group>"; };
		5BD17C5A21B3E26100B1AA0E /* GoogleService-Info.plist */ = {isa = PBXFileReference; fileEncoding = 4; lastKnownFileType = text.plist.xml; path = "GoogleService-Info.plist"; sourceTree = "<group>"; };
		5BD17C5C21B3E60800B1AA0E /* LoginViewController.swift */ = {isa = PBXFileReference; lastKnownFileType = sourcecode.swift; path = LoginViewController.swift; sourceTree = "<group>"; };
		7402B286F77DFAA49CC0156C /* Pods_job_m.framework */ = {isa = PBXFileReference; explicitFileType = wrapper.framework; includeInIndex = 0; path = Pods_job_m.framework; sourceTree = BUILT_PRODUCTS_DIR; };
		D56BD4B6B9700967A5437B5E /* Pods-job-m.debug.xcconfig */ = {isa = PBXFileReference; includeInIndex = 1; lastKnownFileType = text.xcconfig; name = "Pods-job-m.debug.xcconfig"; path = "Pods/Target Support Files/Pods-job-m/Pods-job-m.debug.xcconfig"; sourceTree = "<group>"; };
/* End PBXFileReference section */

/* Begin PBXFrameworksBuildPhase section */
		5BD17C4221B3B9F800B1AA0E /* Frameworks */ = {
			isa = PBXFrameworksBuildPhase;
			buildActionMask = 2147483647;
			files = (
				CFF9E14F0D3D0E3475B9C56E /* Pods_job_m.framework in Frameworks */,
			);
			runOnlyForDeploymentPostprocessing = 0;
		};
/* End PBXFrameworksBuildPhase section */

/* Begin PBXGroup section */
		5B161FFC21BCBAF8008665BA /* Common */ = {
			isa = PBXGroup;
			children = (
				5B161FFF21BCBD3A008665BA /* AppStoryboard.swift */,
			);
			path = Common;
			sourceTree = "<group>";
		};
		5B4AB33F21B6CF0E00EF80D3 /* Supporting FIles */ = {
			isa = PBXGroup;
			children = (
				5BD17C4F21B3B9FA00B1AA0E /* Assets.xcassets */,
				5BD17C5A21B3E26100B1AA0E /* GoogleService-Info.plist */,
				5BD17C5421B3B9FA00B1AA0E /* Info.plist */,
			);
			path = "Supporting FIles";
			sourceTree = "<group>";
		};
		5B4AB34021B6D19700EF80D3 /* Storyboards */ = {
			isa = PBXGroup;
			children = (
				5BD17C4C21B3B9F800B1AA0E /* Login.storyboard */,
				5BD17C5121B3B9FA00B1AA0E /* LaunchScreen.storyboard */,
				5B4AB34321B6D49900EF80D3 /* Jobs.storyboard */,
				5B161FF821BBFC68008665BA /* Main.storyboard */,
			);
			path = Storyboards;
			sourceTree = "<group>";
		};
		5B4AB34121B6D1B200EF80D3 /* Models */ = {
			isa = PBXGroup;
			children = (
				5B16200121BCC40E008665BA /* Job.swift */,
			);
			path = Models;
			sourceTree = "<group>";
		};
		5B4AB34221B6D1C200EF80D3 /* Extensions */ = {
			isa = PBXGroup;
			children = (
			);
			path = Extensions;
			sourceTree = "<group>";
		};
		5BA70CEE21BD2F5400A5E604 /* Jobs */ = {
			isa = PBXGroup;
			children = (
				5BA70CEC21BD11E400A5E604 /* JobsViewController.swift */,
				5BA70CEF21BD2F9A00A5E604 /* JobTableViewCell.swift */,
			);
			name = Jobs;
			path = "New Group";
			sourceTree = "<group>";
		};
		5BCC835721B4330E00446E6B /* Controllers */ = {
			isa = PBXGroup;
			children = (
				5BA70CEE21BD2F5400A5E604 /* Jobs */,
				5BD17C5C21B3E60800B1AA0E /* LoginViewController.swift */,
			);
			path = Controllers;
			sourceTree = "<group>";
		};
		5BCC835821B4331900446E6B /* Views */ = {
			isa = PBXGroup;
			children = (
			);
			path = Views;
			sourceTree = "<group>";
		};
		5BD17C3C21B3B9F800B1AA0E = {
			isa = PBXGroup;
			children = (
				5BD17C4721B3B9F800B1AA0E /* job-m */,
				5BD17C4621B3B9F800B1AA0E /* Products */,
				FB611BA2A685558E5D8F6EF2 /* Pods */,
				C13CC2820B54E07DF8E044DC /* Frameworks */,
			);
			sourceTree = "<group>";
		};
		5BD17C4621B3B9F800B1AA0E /* Products */ = {
			isa = PBXGroup;
			children = (
				5BD17C4521B3B9F800B1AA0E /* job-m.app */,
			);
			name = Products;
			sourceTree = "<group>";
		};
		5BD17C4721B3B9F800B1AA0E /* job-m */ = {
			isa = PBXGroup;
			children = (
				5B161FFC21BCBAF8008665BA /* Common */,
				5B4AB34221B6D1C200EF80D3 /* Extensions */,
				5B4AB34121B6D1B200EF80D3 /* Models */,
				5B4AB34021B6D19700EF80D3 /* Storyboards */,
				5B4AB33F21B6CF0E00EF80D3 /* Supporting FIles */,
				5BCC835821B4331900446E6B /* Views */,
				5BCC835721B4330E00446E6B /* Controllers */,
				5BD17C4821B3B9F800B1AA0E /* AppDelegate.swift */,
			);
			path = "job-m";
			sourceTree = "<group>";
		};
		C13CC2820B54E07DF8E044DC /* Frameworks */ = {
			isa = PBXGroup;
			children = (
				7402B286F77DFAA49CC0156C /* Pods_job_m.framework */,
			);
			name = Frameworks;
			sourceTree = "<group>";
		};
		FB611BA2A685558E5D8F6EF2 /* Pods */ = {
			isa = PBXGroup;
			children = (
				D56BD4B6B9700967A5437B5E /* Pods-job-m.debug.xcconfig */,
				49EA9F029EB595AC6CAF1524 /* Pods-job-m.release.xcconfig */,
			);
			name = Pods;
			sourceTree = "<group>";
		};
/* End PBXGroup section */

/* Begin PBXNativeTarget section */
		5BD17C4421B3B9F800B1AA0E /* job-m */ = {
			isa = PBXNativeTarget;
			buildConfigurationList = 5BD17C5721B3B9FA00B1AA0E /* Build configuration list for PBXNativeTarget "job-m" */;
			buildPhases = (
				A6904D9BE004B179A29F616E /* [CP] Check Pods Manifest.lock */,
				5BD17C4121B3B9F800B1AA0E /* Sources */,
				5BD17C4221B3B9F800B1AA0E /* Frameworks */,
				5BD17C4321B3B9F800B1AA0E /* Resources */,
				F4FBC02C3B61A1054C14E2F6 /* [CP] Embed Pods Frameworks */,
				10678A55C47CE2EDA9C240A6 /* [CP] Copy Pods Resources */,
			);
			buildRules = (
			);
			dependencies = (
			);
			name = "job-m";
			productName = "job-m";
			productReference = 5BD17C4521B3B9F800B1AA0E /* job-m.app */;
			productType = "com.apple.product-type.application";
		};
/* End PBXNativeTarget section */

/* Begin PBXProject section */
		5BD17C3D21B3B9F800B1AA0E /* Project object */ = {
			isa = PBXProject;
			attributes = {
				LastSwiftUpdateCheck = 1010;
				LastUpgradeCheck = 1010;
				ORGANIZATIONNAME = edsaio;
				TargetAttributes = {
					5BD17C4421B3B9F800B1AA0E = {
						CreatedOnToolsVersion = 10.1;
					};
				};
			};
			buildConfigurationList = 5BD17C4021B3B9F800B1AA0E /* Build configuration list for PBXProject "job-m" */;
			compatibilityVersion = "Xcode 9.3";
			developmentRegion = en;
			hasScannedForEncodings = 0;
			knownRegions = (
				en,
				Base,
			);
			mainGroup = 5BD17C3C21B3B9F800B1AA0E;
			productRefGroup = 5BD17C4621B3B9F800B1AA0E /* Products */;
			projectDirPath = "";
			projectRoot = "";
			targets = (
				5BD17C4421B3B9F800B1AA0E /* job-m */,
			);
		};
/* End PBXProject section */

/* Begin PBXResourcesBuildPhase section */
		5BD17C4321B3B9F800B1AA0E /* Resources */ = {
			isa = PBXResourcesBuildPhase;
			buildActionMask = 2147483647;
			files = (
				5B161FF921BBFC68008665BA /* Main.storyboard in Resources */,
				5BD17C5321B3B9FA00B1AA0E /* LaunchScreen.storyboard in Resources */,
				5BD17C5B21B3E26100B1AA0E /* GoogleService-Info.plist in Resources */,
				5BD17C5021B3B9FA00B1AA0E /* Assets.xcassets in Resources */,
				5B4AB34421B6D49900EF80D3 /* Jobs.storyboard in Resources */,
				5BD17C4E21B3B9F800B1AA0E /* Login.storyboard in Resources */,
			);
			runOnlyForDeploymentPostprocessing = 0;
		};
/* End PBXResourcesBuildPhase section */

/* Begin PBXShellScriptBuildPhase section */
		10678A55C47CE2EDA9C240A6 /* [CP] Copy Pods Resources */ = {
			isa = PBXShellScriptBuildPhase;
			buildActionMask = 2147483647;
			files = (
			);
			inputPaths = (
				"${SRCROOT}/Pods/Target Support Files/Pods-job-m/Pods-job-m-resources.sh",
				"${PODS_ROOT}/GoogleSignIn/Resources/GoogleSignIn.bundle",
			);
			name = "[CP] Copy Pods Resources";
			outputPaths = (
				"${TARGET_BUILD_DIR}/${UNLOCALIZED_RESOURCES_FOLDER_PATH}/GoogleSignIn.bundle",
			);
			runOnlyForDeploymentPostprocessing = 0;
			shellPath = /bin/sh;
			shellScript = "\"${SRCROOT}/Pods/Target Support Files/Pods-job-m/Pods-job-m-resources.sh\"\n";
			showEnvVarsInLog = 0;
		};
		A6904D9BE004B179A29F616E /* [CP] Check Pods Manifest.lock */ = {
			isa = PBXShellScriptBuildPhase;
			buildActionMask = 2147483647;
			files = (
			);
			inputPaths = (
				"${PODS_PODFILE_DIR_PATH}/Podfile.lock",
				"${PODS_ROOT}/Manifest.lock",
			);
			name = "[CP] Check Pods Manifest.lock";
			outputPaths = (
				"$(DERIVED_FILE_DIR)/Pods-job-m-checkManifestLockResult.txt",
			);
			runOnlyForDeploymentPostprocessing = 0;
			shellPath = /bin/sh;
			shellScript = "diff \"${PODS_PODFILE_DIR_PATH}/Podfile.lock\" \"${PODS_ROOT}/Manifest.lock\" > /dev/null\nif [ $? != 0 ] ; then\n    # print error to STDERR\n    echo \"error: The sandbox is not in sync with the Podfile.lock. Run 'pod install' or update your CocoaPods installation.\" >&2\n    exit 1\nfi\n# This output is used by Xcode 'outputs' to avoid re-running this script phase.\necho \"SUCCESS\" > \"${SCRIPT_OUTPUT_FILE_0}\"\n";
			showEnvVarsInLog = 0;
		};
		F4FBC02C3B61A1054C14E2F6 /* [CP] Embed Pods Frameworks */ = {
			isa = PBXShellScriptBuildPhase;
			buildActionMask = 2147483647;
			files = (
			);
			inputPaths = (
				"${SRCROOT}/Pods/Target Support Files/Pods-job-m/Pods-job-m-frameworks.sh",
				"${BUILT_PRODUCTS_DIR}/Alamofire/Alamofire.framework",
				"${BUILT_PRODUCTS_DIR}/Bolts/Bolts.framework",
				"${BUILT_PRODUCTS_DIR}/FBSDKCoreKit/FBSDKCoreKit.framework",
				"${BUILT_PRODUCTS_DIR}/FBSDKLoginKit/FBSDKLoginKit.framework",
				"${BUILT_PRODUCTS_DIR}/GTMSessionFetcher/GTMSessionFetcher.framework",
				"${BUILT_PRODUCTS_DIR}/GoogleToolboxForMac/GoogleToolboxForMac.framework",
				"${BUILT_PRODUCTS_DIR}/GoogleUtilities/GoogleUtilities.framework",
				"${BUILT_PRODUCTS_DIR}/SVProgressHUD/SVProgressHUD.framework",
				"${BUILT_PRODUCTS_DIR}/nanopb/nanopb.framework",
			);
			name = "[CP] Embed Pods Frameworks";
			outputPaths = (
				"${TARGET_BUILD_DIR}/${FRAMEWORKS_FOLDER_PATH}/Alamofire.framework",
				"${TARGET_BUILD_DIR}/${FRAMEWORKS_FOLDER_PATH}/Bolts.framework",
				"${TARGET_BUILD_DIR}/${FRAMEWORKS_FOLDER_PATH}/FBSDKCoreKit.framework",
				"${TARGET_BUILD_DIR}/${FRAMEWORKS_FOLDER_PATH}/FBSDKLoginKit.framework",
				"${TARGET_BUILD_DIR}/${FRAMEWORKS_FOLDER_PATH}/GTMSessionFetcher.framework",
				"${TARGET_BUILD_DIR}/${FRAMEWORKS_FOLDER_PATH}/GoogleToolboxForMac.framework",
				"${TARGET_BUILD_DIR}/${FRAMEWORKS_FOLDER_PATH}/GoogleUtilities.framework",
				"${TARGET_BUILD_DIR}/${FRAMEWORKS_FOLDER_PATH}/SVProgressHUD.framework",
				"${TARGET_BUILD_DIR}/${FRAMEWORKS_FOLDER_PATH}/nanopb.framework",
			);
			runOnlyForDeploymentPostprocessing = 0;
			shellPath = /bin/sh;
			shellScript = "\"${SRCROOT}/Pods/Target Support Files/Pods-job-m/Pods-job-m-frameworks.sh\"\n";
			showEnvVarsInLog = 0;
		};
/* End PBXShellScriptBuildPhase section */

/* Begin PBXSourcesBuildPhase section */
		5BD17C4121B3B9F800B1AA0E /* Sources */ = {
			isa = PBXSourcesBuildPhase;
			buildActionMask = 2147483647;
			files = (
				5B16200021BCBD3A008665BA /* AppStoryboard.swift in Sources */,
				5BD17C5D21B3E60900B1AA0E /* LoginViewController.swift in Sources */,
				5BA70CED21BD11E400A5E604 /* JobsViewController.swift in Sources */,
				5BA70CF021BD2F9A00A5E604 /* JobTableViewCell.swift in Sources */,
				5BD17C4921B3B9F800B1AA0E /* AppDelegate.swift in Sources */,
				5B16200221BCC40E008665BA /* Job.swift in Sources */,
			);
			runOnlyForDeploymentPostprocessing = 0;
		};
/* End PBXSourcesBuildPhase section */

/* Begin PBXVariantGroup section */
		5BD17C4C21B3B9F800B1AA0E /* Login.storyboard */ = {
			isa = PBXVariantGroup;
			children = (
				5BD17C4D21B3B9F800B1AA0E /* Base */,
			);
			name = Login.storyboard;
			sourceTree = "<group>";
		};
		5BD17C5121B3B9FA00B1AA0E /* LaunchScreen.storyboard */ = {
			isa = PBXVariantGroup;
			children = (
				5BD17C5221B3B9FA00B1AA0E /* Base */,
			);
			name = LaunchScreen.storyboard;
			sourceTree = "<group>";
		};
/* End PBXVariantGroup section */

/* Begin XCBuildConfiguration section */
		5BD17C5521B3B9FA00B1AA0E /* Debug */ = {
			isa = XCBuildConfiguration;
			buildSettings = {
				ALWAYS_SEARCH_USER_PATHS = NO;
				CLANG_ANALYZER_NONNULL = YES;
				CLANG_ANALYZER_NUMBER_OBJECT_CONVERSION = YES_AGGRESSIVE;
				CLANG_CXX_LANGUAGE_STANDARD = "gnu++14";
				CLANG_CXX_LIBRARY = "libc++";
				CLANG_ENABLE_MODULES = YES;
				CLANG_ENABLE_OBJC_ARC = YES;
				CLANG_ENABLE_OBJC_WEAK = YES;
				CLANG_WARN_BLOCK_CAPTURE_AUTORELEASING = YES;
				CLANG_WARN_BOOL_CONVERSION = YES;
				CLANG_WARN_COMMA = YES;
				CLANG_WARN_CONSTANT_CONVERSION = YES;
				CLANG_WARN_DEPRECATED_OBJC_IMPLEMENTATIONS = YES;
				CLANG_WARN_DIRECT_OBJC_ISA_USAGE = YES_ERROR;
				CLANG_WARN_DOCUMENTATION_COMMENTS = YES;
				CLANG_WARN_EMPTY_BODY = YES;
				CLANG_WARN_ENUM_CONVERSION = YES;
				CLANG_WARN_INFINITE_RECURSION = YES;
				CLANG_WARN_INT_CONVERSION = YES;
				CLANG_WARN_NON_LITERAL_NULL_CONVERSION = YES;
				CLANG_WARN_OBJC_IMPLICIT_RETAIN_SELF = YES;
				CLANG_WARN_OBJC_LITERAL_CONVERSION = YES;
				CLANG_WARN_OBJC_ROOT_CLASS = YES_ERROR;
				CLANG_WARN_RANGE_LOOP_ANALYSIS = YES;
				CLANG_WARN_STRICT_PROTOTYPES = YES;
				CLANG_WARN_SUSPICIOUS_MOVE = YES;
				CLANG_WARN_UNGUARDED_AVAILABILITY = YES_AGGRESSIVE;
				CLANG_WARN_UNREACHABLE_CODE = YES;
				CLANG_WARN__DUPLICATE_METHOD_MATCH = YES;
				CODE_SIGN_IDENTITY = "iPhone Developer";
				COPY_PHASE_STRIP = NO;
				DEBUG_INFORMATION_FORMAT = dwarf;
				ENABLE_STRICT_OBJC_MSGSEND = YES;
				ENABLE_TESTABILITY = YES;
				GCC_C_LANGUAGE_STANDARD = gnu11;
				GCC_DYNAMIC_NO_PIC = NO;
				GCC_NO_COMMON_BLOCKS = YES;
				GCC_OPTIMIZATION_LEVEL = 0;
				GCC_PREPROCESSOR_DEFINITIONS = (
					"DEBUG=1",
					"$(inherited)",
				);
				GCC_WARN_64_TO_32_BIT_CONVERSION = YES;
				GCC_WARN_ABOUT_RETURN_TYPE = YES_ERROR;
				GCC_WARN_UNDECLARED_SELECTOR = YES;
				GCC_WARN_UNINITIALIZED_AUTOS = YES_AGGRESSIVE;
				GCC_WARN_UNUSED_FUNCTION = YES;
				GCC_WARN_UNUSED_VARIABLE = YES;
				IPHONEOS_DEPLOYMENT_TARGET = 12.1;
				MTL_ENABLE_DEBUG_INFO = INCLUDE_SOURCE;
				MTL_FAST_MATH = YES;
				ONLY_ACTIVE_ARCH = YES;
				SDKROOT = iphoneos;
				SWIFT_ACTIVE_COMPILATION_CONDITIONS = DEBUG;
				SWIFT_OPTIMIZATION_LEVEL = "-Onone";
			};
			name = Debug;
		};
		5BD17C5621B3B9FA00B1AA0E /* Release */ = {
			isa = XCBuildConfiguration;
			buildSettings = {
				ALWAYS_SEARCH_USER_PATHS = NO;
				CLANG_ANALYZER_NONNULL = YES;
				CLANG_ANALYZER_NUMBER_OBJECT_CONVERSION = YES_AGGRESSIVE;
				CLANG_CXX_LANGUAGE_STANDARD = "gnu++14";
				CLANG_CXX_LIBRARY = "libc++";
				CLANG_ENABLE_MODULES = YES;
				CLANG_ENABLE_OBJC_ARC = YES;
				CLANG_ENABLE_OBJC_WEAK = YES;
				CLANG_WARN_BLOCK_CAPTURE_AUTORELEASING = YES;
				CLANG_WARN_BOOL_CONVERSION = YES;
				CLANG_WARN_COMMA = YES;
				CLANG_WARN_CONSTANT_CONVERSION = YES;
				CLANG_WARN_DEPRECATED_OBJC_IMPLEMENTATIONS = YES;
				CLANG_WARN_DIRECT_OBJC_ISA_USAGE = YES_ERROR;
				CLANG_WARN_DOCUMENTATION_COMMENTS = YES;
				CLANG_WARN_EMPTY_BODY = YES;
				CLANG_WARN_ENUM_CONVERSION = YES;
				CLANG_WARN_INFINITE_RECURSION = YES;
				CLANG_WARN_INT_CONVERSION = YES;
				CLANG_WARN_NON_LITERAL_NULL_CONVERSION = YES;
				CLANG_WARN_OBJC_IMPLICIT_RETAIN_SELF = YES;
				CLANG_WARN_OBJC_LITERAL_CONVERSION = YES;
				CLANG_WARN_OBJC_ROOT_CLASS = YES_ERROR;
				CLANG_WARN_RANGE_LOOP_ANALYSIS = YES;
				CLANG_WARN_STRICT_PROTOTYPES = YES;
				CLANG_WARN_SUSPICIOUS_MOVE = YES;
				CLANG_WARN_UNGUARDED_AVAILABILITY = YES_AGGRESSIVE;
				CLANG_WARN_UNREACHABLE_CODE = YES;
				CLANG_WARN__DUPLICATE_METHOD_MATCH = YES;
				CODE_SIGN_IDENTITY = "iPhone Developer";
				COPY_PHASE_STRIP = NO;
				DEBUG_INFORMATION_FORMAT = "dwarf-with-dsym";
				ENABLE_NS_ASSERTIONS = NO;
				ENABLE_STRICT_OBJC_MSGSEND = YES;
				GCC_C_LANGUAGE_STANDARD = gnu11;
				GCC_NO_COMMON_BLOCKS = YES;
				GCC_WARN_64_TO_32_BIT_CONVERSION = YES;
				GCC_WARN_ABOUT_RETURN_TYPE = YES_ERROR;
				GCC_WARN_UNDECLARED_SELECTOR = YES;
				GCC_WARN_UNINITIALIZED_AUTOS = YES_AGGRESSIVE;
				GCC_WARN_UNUSED_FUNCTION = YES;
				GCC_WARN_UNUSED_VARIABLE = YES;
				IPHONEOS_DEPLOYMENT_TARGET = 12.1;
				MTL_ENABLE_DEBUG_INFO = NO;
				MTL_FAST_MATH = YES;
				SDKROOT = iphoneos;
				SWIFT_COMPILATION_MODE = wholemodule;
				SWIFT_OPTIMIZATION_LEVEL = "-O";
				VALIDATE_PRODUCT = YES;
			};
			name = Release;
		};
		5BD17C5821B3B9FA00B1AA0E /* Debug */ = {
			isa = XCBuildConfiguration;
			baseConfigurationReference = D56BD4B6B9700967A5437B5E /* Pods-job-m.debug.xcconfig */;
			buildSettings = {
				ASSETCATALOG_COMPILER_APPICON_NAME = AppIcon;
				CODE_SIGN_STYLE = Automatic;
				INFOPLIST_FILE = "job-m/Supporting Files/Info.plist";
				LD_RUNPATH_SEARCH_PATHS = (
					"$(inherited)",
					"@executable_path/Frameworks",
				);
				PRODUCT_BUNDLE_IDENTIFIER = "com.edsaio.job-m";
				PRODUCT_NAME = "$(TARGET_NAME)";
				SWIFT_VERSION = 4.2;
				TARGETED_DEVICE_FAMILY = "1,2";
			};
			name = Debug;
		};
		5BD17C5921B3B9FA00B1AA0E /* Release */ = {
			isa = XCBuildConfiguration;
			baseConfigurationReference = 49EA9F029EB595AC6CAF1524 /* Pods-job-m.release.xcconfig */;
			buildSettings = {
				ASSETCATALOG_COMPILER_APPICON_NAME = AppIcon;
				CODE_SIGN_STYLE = Automatic;
				INFOPLIST_FILE = "job-m/Supporting Files/Info.plist";
				LD_RUNPATH_SEARCH_PATHS = (
					"$(inherited)",
					"@executable_path/Frameworks",
				);
				PRODUCT_BUNDLE_IDENTIFIER = "com.edsaio.job-m";
				PRODUCT_NAME = "$(TARGET_NAME)";
				SWIFT_VERSION = 4.2;
				TARGETED_DEVICE_FAMILY = "1,2";
			};
			name = Release;
		};
/* End XCBuildConfiguration section */

/* Begin XCConfigurationList section */
		5BD17C4021B3B9F800B1AA0E /* Build configuration list for PBXProject "job-m" */ = {
			isa = XCConfigurationList;
			buildConfigurations = (
				5BD17C5521B3B9FA00B1AA0E /* Debug */,
				5BD17C5621B3B9FA00B1AA0E /* Release */,
			);
			defaultConfigurationIsVisible = 0;
			defaultConfigurationName = Release;
		};
		5BD17C5721B3B9FA00B1AA0E /* Build configuration list for PBXNativeTarget "job-m" */ = {
			isa = XCConfigurationList;
			buildConfigurations = (
				5BD17C5821B3B9FA00B1AA0E /* Debug */,
				5BD17C5921B3B9FA00B1AA0E /* Release */,
			);
			defaultConfigurationIsVisible = 0;
			defaultConfigurationName = Release;
		};
/* End XCConfigurationList section */
	};
	rootObject = 5BD17C3D21B3B9F800B1AA0E /* Project object */;
}
